
Microsoft Visual Studio Solution File, Format Version 12.00
# Visual Studio Version 17
VisualStudioVersion = 17.8.34511.84
MinimumVisualStudioVersion = 10.0.40219.1
Project("{FAE04EC0-301F-11D3-BF4B-00C04F79EFBC}") = "AccountInterestRates_Assignment", "Johnson_Assignment5\AccountInterestRates_Assignment.csproj", "{E40E6402-D733-41C7-A958-C0DD5EA2C963}"
EndProject
Global
	GlobalSection(SolutionConfigurationPlatforms) = preSolution
		Debug|Any CPU = Debug|Any CPU
		Release|Any CPU = Release|Any CPU
	EndGlobalSection
	GlobalSection(ProjectConfigurationPlatforms) = postSolution
		{E40E6402-D733-41C7-A958-C0DD5EA2C963}.Debug|Any CPU.ActiveCfg = Debug|Any CPU
		{E40E6402-D733-41C7-A958-C0DD5EA2C963}.Debug|Any CPU.Build.0 = Debug|Any CPU
		{E40E6402-D733-41C7-A958-C0DD5EA2C963}.Release|Any CPU.ActiveCfg = Release|Any CPU
		{E40E6402-D733-41C7-A958-C0DD5EA2C963}.Release|Any CPU.Build.0 = Release|Any CPU
	EndGlobalSection
	GlobalSection(SolutionProperties) = preSolution
		HideSolutionNode = FALSE
	EndGlobalSection
	GlobalSection(ExtensibilityGlobals) = postSolution
		SolutionGuid = {AE604C4B-7F66-4D37-BE84-A5B5F4949636}
	EndGlobalSection
EndGlobal
